
Microsoft Visual Studio Solution File, Format Version 12.00
# Visual Studio Version 16
VisualStudioVersion = 16.0.31702.278
MinimumVisualStudioVersion = 10.0.40219.1
Project("{9A19103F-16F7-4668-BE54-9A1E7A4F7556}") = "pz_5", "pz_5\pz_5.csproj", "{4237E689-95EE-4F9A-91CC-C927F1320F38}"
EndProject
Project("{9A19103F-16F7-4668-BE54-9A1E7A4F7556}") = "pz_6", "pz_6\pz_6.csproj", "{B9A27B2A-173F-4C8E-B2D0-0113D174D5CD}"
EndProject
Project("{9A19103F-16F7-4668-BE54-9A1E7A4F7556}") = "pz_8", "pz_8\pz_8.csproj", "{33E66644-65DC-48E0-97CB-FDE98C53191D}"
EndProject
Project("{9A19103F-16F7-4668-BE54-9A1E7A4F7556}") = "pz_9", "pz_9\pz_9.csproj", "{3BED989C-7B2D-4D3D-8846-2A96F0429644}"
EndProject
Project("{9A19103F-16F7-4668-BE54-9A1E7A4F7556}") = "pz_10", "pz_10\pz_10.csproj", "{A7D75307-65F3-4224-AB6D-D06A9A48FF50}"
EndProject
Project("{9A19103F-16F7-4668-BE54-9A1E7A4F7556}") = "pz_14", "pz_14\pz_14.csproj", "{75658CB0-7FC4-44A3-8CF5-1A2046BC0303}"
EndProject
Project("{9A19103F-16F7-4668-BE54-9A1E7A4F7556}") = "pz_15", "pz_15\pz_15.csproj", "{387F595F-9817-4DE5-8994-3AF2F0ACDF58}"
EndProject
Project("{9A19103F-16F7-4668-BE54-9A1E7A4F7556}") = "pz_16", "pz_16\pz_16.csproj", "{FDA73F1B-BC77-4744-8F94-AAE1E5F17FF3}"
EndProject
Project("{9A19103F-16F7-4668-BE54-9A1E7A4F7556}") = "pz_18", "pz_18\pz_18.csproj", "{8EAA770A-E4AD-49B4-83A3-F1FA8CE7BEC7}"
EndProject
Project("{9A19103F-16F7-4668-BE54-9A1E7A4F7556}") = "pz_18(2)", "pz_18(2)\pz_18(2).csproj", "{6E0E9315-9912-4AD6-8D50-20AB4E8446D3}"
EndProject
Project("{9A19103F-16F7-4668-BE54-9A1E7A4F7556}") = "pz_18(3)", "pz_18(3)\pz_18(3).csproj", "{50962785-489B-46E6-83A3-07C26BDEC96F}"
EndProject
Project("{9A19103F-16F7-4668-BE54-9A1E7A4F7556}") = "pz_2s_3", "pz_2s_3\pz_2s_3.csproj", "{8DB69BFC-3D25-4D11-B036-C41185A76015}"
EndProject
Project("{9A19103F-16F7-4668-BE54-9A1E7A4F7556}") = "pz_2s_3_4_5", "pz_2s_3_4_5\pz_2s_3_4_5.csproj", "{31F245DF-C967-44BF-869D-AE8BB1D6FE44}"
EndProject
Project("{FAE04EC0-301F-11D3-BF4B-00C04F79EFBC}") = "Calculator", "pz_2s_6\Calculator.csproj", "{7DD989E1-DFD8-4958-95D2-6442119C8A43}"
EndProject
Project("{FAE04EC0-301F-11D3-BF4B-00C04F79EFBC}") = "pz_2s_11", "pz_2s_11\pz_2s_11.csproj", "{C259B0D5-655E-4EEF-BBF6-38C8FE8483E0}"
EndProject
Global
	GlobalSection(SolutionConfigurationPlatforms) = preSolution
		Debug|Any CPU = Debug|Any CPU
		Release|Any CPU = Release|Any CPU
	EndGlobalSection
	GlobalSection(ProjectConfigurationPlatforms) = postSolution
		{4237E689-95EE-4F9A-91CC-C927F1320F38}.Debug|Any CPU.ActiveCfg = Debug|Any CPU
		{4237E689-95EE-4F9A-91CC-C927F1320F38}.Debug|Any CPU.Build.0 = Debug|Any CPU
		{4237E689-95EE-4F9A-91CC-C927F1320F38}.Release|Any CPU.ActiveCfg = Release|Any CPU
		{4237E689-95EE-4F9A-91CC-C927F1320F38}.Release|Any CPU.Build.0 = Release|Any CPU
		{B9A27B2A-173F-4C8E-B2D0-0113D174D5CD}.Debug|Any CPU.ActiveCfg = Debug|Any CPU
		{B9A27B2A-173F-4C8E-B2D0-0113D174D5CD}.Debug|Any CPU.Build.0 = Debug|Any CPU
		{B9A27B2A-173F-4C8E-B2D0-0113D174D5CD}.Release|Any CPU.ActiveCfg = Release|Any CPU
		{B9A27B2A-173F-4C8E-B2D0-0113D174D5CD}.Release|Any CPU.Build.0 = Release|Any CPU
		{33E66644-65DC-48E0-97CB-FDE98C53191D}.Debug|Any CPU.ActiveCfg = Debug|Any CPU
		{33E66644-65DC-48E0-97CB-FDE98C53191D}.Debug|Any CPU.Build.0 = Debug|Any CPU
		{33E66644-65DC-48E0-97CB-FDE98C53191D}.Release|Any CPU.ActiveCfg = Release|Any CPU
		{33E66644-65DC-48E0-97CB-FDE98C53191D}.Release|Any CPU.Build.0 = Release|Any CPU
		{3BED989C-7B2D-4D3D-8846-2A96F0429644}.Debug|Any CPU.ActiveCfg = Debug|Any CPU
		{3BED989C-7B2D-4D3D-8846-2A96F0429644}.Debug|Any CPU.Build.0 = Debug|Any CPU
		{3BED989C-7B2D-4D3D-8846-2A96F0429644}.Release|Any CPU.ActiveCfg = Release|Any CPU
		{3BED989C-7B2D-4D3D-8846-2A96F0429644}.Release|Any CPU.Build.0 = Release|Any CPU
		{A7D75307-65F3-4224-AB6D-D06A9A48FF50}.Debug|Any CPU.ActiveCfg = Debug|Any CPU
		{A7D75307-65F3-4224-AB6D-D06A9A48FF50}.Debug|Any CPU.Build.0 = Debug|Any CPU
		{A7D75307-65F3-4224-AB6D-D06A9A48FF50}.Release|Any CPU.ActiveCfg = Release|Any CPU
		{A7D75307-65F3-4224-AB6D-D06A9A48FF50}.Release|Any CPU.Build.0 = Release|Any CPU
		{75658CB0-7FC4-44A3-8CF5-1A2046BC0303}.Debug|Any CPU.ActiveCfg = Debug|Any CPU
		{75658CB0-7FC4-44A3-8CF5-1A2046BC0303}.Debug|Any CPU.Build.0 = Debug|Any CPU
		{75658CB0-7FC4-44A3-8CF5-1A2046BC0303}.Release|Any CPU.ActiveCfg = Release|Any CPU
		{75658CB0-7FC4-44A3-8CF5-1A2046BC0303}.Release|Any CPU.Build.0 = Release|Any CPU
		{387F595F-9817-4DE5-8994-3AF2F0ACDF58}.Debug|Any CPU.ActiveCfg = Debug|Any CPU
		{387F595F-9817-4DE5-8994-3AF2F0ACDF58}.Debug|Any CPU.Build.0 = Debug|Any CPU
		{387F595F-9817-4DE5-8994-3AF2F0ACDF58}.Release|Any CPU.ActiveCfg = Release|Any CPU
		{387F595F-9817-4DE5-8994-3AF2F0ACDF58}.Release|Any CPU.Build.0 = Release|Any CPU
		{FDA73F1B-BC77-4744-8F94-AAE1E5F17FF3}.Debug|Any CPU.ActiveCfg = Debug|Any CPU
		{FDA73F1B-BC77-4744-8F94-AAE1E5F17FF3}.Debug|Any CPU.Build.0 = Debug|Any CPU
		{FDA73F1B-BC77-4744-8F94-AAE1E5F17FF3}.Release|Any CPU.ActiveCfg = Release|Any CPU
		{FDA73F1B-BC77-4744-8F94-AAE1E5F17FF3}.Release|Any CPU.Build.0 = Release|Any CPU
		{8EAA770A-E4AD-49B4-83A3-F1FA8CE7BEC7}.Debug|Any CPU.ActiveCfg = Debug|Any CPU
		{8EAA770A-E4AD-49B4-83A3-F1FA8CE7BEC7}.Debug|Any CPU.Build.0 = Debug|Any CPU
		{8EAA770A-E4AD-49B4-83A3-F1FA8CE7BEC7}.Release|Any CPU.ActiveCfg = Release|Any CPU
		{8EAA770A-E4AD-49B4-83A3-F1FA8CE7BEC7}.Release|Any CPU.Build.0 = Release|Any CPU
		{6E0E9315-9912-4AD6-8D50-20AB4E8446D3}.Debug|Any CPU.ActiveCfg = Debug|Any CPU
		{6E0E9315-9912-4AD6-8D50-20AB4E8446D3}.Debug|Any CPU.Build.0 = Debug|Any CPU
		{6E0E9315-9912-4AD6-8D50-20AB4E8446D3}.Release|Any CPU.ActiveCfg = Release|Any CPU
		{6E0E9315-9912-4AD6-8D50-20AB4E8446D3}.Release|Any CPU.Build.0 = Release|Any CPU
		{50962785-489B-46E6-83A3-07C26BDEC96F}.Debug|Any CPU.ActiveCfg = Debug|Any CPU
		{50962785-489B-46E6-83A3-07C26BDEC96F}.Debug|Any CPU.Build.0 = Debug|Any CPU
		{50962785-489B-46E6-83A3-07C26BDEC96F}.Release|Any CPU.ActiveCfg = Release|Any CPU
		{50962785-489B-46E6-83A3-07C26BDEC96F}.Release|Any CPU.Build.0 = Release|Any CPU
		{8DB69BFC-3D25-4D11-B036-C41185A76015}.Debug|Any CPU.ActiveCfg = Debug|Any CPU
		{8DB69BFC-3D25-4D11-B036-C41185A76015}.Debug|Any CPU.Build.0 = Debug|Any CPU
		{8DB69BFC-3D25-4D11-B036-C41185A76015}.Release|Any CPU.ActiveCfg = Release|Any CPU
		{8DB69BFC-3D25-4D11-B036-C41185A76015}.Release|Any CPU.Build.0 = Release|Any CPU
		{31F245DF-C967-44BF-869D-AE8BB1D6FE44}.Debug|Any CPU.ActiveCfg = Debug|Any CPU
		{31F245DF-C967-44BF-869D-AE8BB1D6FE44}.Debug|Any CPU.Build.0 = Debug|Any CPU
		{31F245DF-C967-44BF-869D-AE8BB1D6FE44}.Release|Any CPU.ActiveCfg = Release|Any CPU
		{31F245DF-C967-44BF-869D-AE8BB1D6FE44}.Release|Any CPU.Build.0 = Release|Any CPU
		{7DD989E1-DFD8-4958-95D2-6442119C8A43}.Debug|Any CPU.ActiveCfg = Debug|Any CPU
		{7DD989E1-DFD8-4958-95D2-6442119C8A43}.Debug|Any CPU.Build.0 = Debug|Any CPU
		{7DD989E1-DFD8-4958-95D2-6442119C8A43}.Release|Any CPU.ActiveCfg = Release|Any CPU
		{7DD989E1-DFD8-4958-95D2-6442119C8A43}.Release|Any CPU.Build.0 = Release|Any CPU
		{C259B0D5-655E-4EEF-BBF6-38C8FE8483E0}.Debug|Any CPU.ActiveCfg = Debug|Any CPU
		{C259B0D5-655E-4EEF-BBF6-38C8FE8483E0}.Debug|Any CPU.Build.0 = Debug|Any CPU
		{C259B0D5-655E-4EEF-BBF6-38C8FE8483E0}.Release|Any CPU.ActiveCfg = Release|Any CPU
		{C259B0D5-655E-4EEF-BBF6-38C8FE8483E0}.Release|Any CPU.Build.0 = Release|Any CPU
	EndGlobalSection
	GlobalSection(SolutionProperties) = preSolution
		HideSolutionNode = FALSE
	EndGlobalSection
	GlobalSection(ExtensibilityGlobals) = postSolution
		SolutionGuid = {D0905DCB-2571-4C31-BB15-5216E1748F38}
	EndGlobalSection
EndGlobal
